// !$*UTF8*$!
{
	archiveVersion = 1;
	classes = {
	};
	objectVersion = 46;
	objects = {

/* Begin PBXBuildFile section */
		DA00B2271C608EA400FADAAF /* main.m in Sources */ = {isa = PBXBuildFile; fileRef = DA00B2261C608EA400FADAAF /* main.m */; };
		DA00B22A1C608EA400FADAAF /* AppDelegate.m in Sources */ = {isa = PBXBuildFile; fileRef = DA00B2291C608EA400FADAAF /* AppDelegate.m */; };
		DA00B22D1C608EA400FADAAF /* ViewController.m in Sources */ = {isa = PBXBuildFile; fileRef = DA00B22C1C608EA400FADAAF /* ViewController.m */; };
		DA00B2301C608EA400FADAAF /* Main.storyboard in Resources */ = {isa = PBXBuildFile; fileRef = DA00B22E1C608EA400FADAAF /* Main.storyboard */; };
		DA00B2321C608EA400FADAAF /* Assets.xcassets in Resources */ = {isa = PBXBuildFile; fileRef = DA00B2311C608EA400FADAAF /* Assets.xcassets */; };
		DA00B2351C608EA400FADAAF /* LaunchScreen.storyboard in Resources */ = {isa = PBXBuildFile; fileRef = DA00B2331C608EA400FADAAF /* LaunchScreen.storyboard */; };
		DA00B23E1C6092D500FADAAF /* SDZoomHeaderView.m in Sources */ = {isa = PBXBuildFile; fileRef = DA00B23D1C6092D500FADAAF /* SDZoomHeaderView.m */; };
		DA00B2431C60B96900FADAAF /* SecondViewController.m in Sources */ = {isa = PBXBuildFile; fileRef = DA00B2421C60B96900FADAAF /* SecondViewController.m */; };
		DA00B24F1C619B0B00FADAAF /* UINavigationController+extention.m in Sources */ = {isa = PBXBuildFile; fileRef = DA00B24E1C619B0B00FADAAF /* UINavigationController+extention.m */; };
		DA00B2571C61A68700FADAAF /* girl.jpg in Resources */ = {isa = PBXBuildFile; fileRef = DA00B2561C61A68700FADAAF /* girl.jpg */; };
/* End PBXBuildFile section */

/* Begin PBXFileReference section */
		DA00B2221C608EA300FADAAF /* SDZoomHeader.app */ = {isa = PBXFileReference; explicitFileType = wrapper.application; includeInIndex = 0; path = SDZoomHeader.app; sourceTree = BUILT_PRODUCTS_DIR; };
		DA00B2261C608EA400FADAAF /* main.m */ = {isa = PBXFileReference; lastKnownFileType = sourcecode.c.objc; path = main.m; sourceTree = "<group>"; };
		DA00B2281C608EA400FADAAF /* AppDelegate.h */ = {isa = PBXFileReference; lastKnownFileType = sourcecode.c.h; path = AppDelegate.h; sourceTree = "<group>"; };
		DA00B2291C608EA400FADAAF /* AppDelegate.m */ = {isa = PBXFileReference; lastKnownFileType = sourcecode.c.objc; path = AppDelegate.m; sourceTree = "<group>"; };
		DA00B22B1C608EA400FADAAF /* ViewController.h */ = {isa = PBXFileReference; lastKnownFileType = sourcecode.c.h; path = ViewController.h; sourceTree = "<group>"; };
		DA00B22C1C608EA400FADAAF /* ViewController.m */ = {isa = PBXFileReference; lastKnownFileType = sourcecode.c.objc; path = ViewController.m; sourceTree = "<group>"; };
		DA00B22F1C608EA400FADAAF /* Base */ = {isa = PBXFileReference; lastKnownFileType = file.storyboard; name = Base; path = Base.lproj/Main.storyboard; sourceTree = "<group>"; };
		DA00B2311C608EA400FADAAF /* Assets.xcassets */ = {isa = PBXFileReference; lastKnownFileType = folder.assetcatalog; path = Assets.xcassets; sourceTree = "<group>"; };
		DA00B2341C608EA400FADAAF /* Base */ = {isa = PBXFileReference; lastKnownFileType = file.storyboard; name = Base; path = Base.lproj/LaunchScreen.storyboard; sourceTree = "<group>"; };
		DA00B2361C608EA400FADAAF /* Info.plist */ = {isa = PBXFileReference; lastKnownFileType = text.plist.xml; path = Info.plist; sourceTree = "<group>"; };
		DA00B23C1C6092D500FADAAF /* SDZoomHeaderView.h */ = {isa = PBXFileReference; fileEncoding = 4; lastKnownFileType = sourcecode.c.h; path = SDZoomHeaderView.h; sourceTree = "<group>"; };
		DA00B23D1C6092D500FADAAF /* SDZoomHeaderView.m */ = {isa = PBXFileReference; fileEncoding = 4; lastKnownFileType = sourcecode.c.objc; path = SDZoomHeaderView.m; sourceTree = "<group>"; };
		DA00B2411C60B96900FADAAF /* SecondViewController.h */ = {isa = PBXFileReference; fileEncoding = 4; lastKnownFileType = sourcecode.c.h; path = SecondViewController.h; sourceTree = "<group>"; };
		DA00B2421C60B96900FADAAF /* SecondViewController.m */ = {isa = PBXFileReference; fileEncoding = 4; lastKnownFileType = sourcecode.c.objc; path = SecondViewController.m; sourceTree = "<group>"; };
		DA00B24D1C619B0B00FADAAF /* UINavigationController+extention.h */ = {isa = PBXFileReference; fileEncoding = 4; lastKnownFileType = sourcecode.c.h; path = "UINavigationController+extention.h"; sourceTree = "<group>"; };
		DA00B24E1C619B0B00FADAAF /* UINavigationController+extention.m */ = {isa = PBXFileReference; fileEncoding = 4; lastKnownFileType = sourcecode.c.objc; path = "UINavigationController+extention.m"; sourceTree = "<group>"; };
		DA00B2551C61A4F800FADAAF /* GlobalDefine.h */ = {isa = PBXFileReference; fileEncoding = 4; lastKnownFileType = sourcecode.c.h; path = GlobalDefine.h; sourceTree = "<group>"; };
		DA00B2561C61A68700FADAAF /* girl.jpg */ = {isa = PBXFileReference; lastKnownFileType = image.jpeg; path = girl.jpg; sourceTree = "<group>"; };
/* End PBXFileReference section */

/* Begin PBXFrameworksBuildPhase section */
		DA00B21F1C608EA300FADAAF /* Frameworks */ = {
			isa = PBXFrameworksBuildPhase;
			buildActionMask = 2147483647;
			files = (
			);
			runOnlyForDeploymentPostprocessing = 0;
		};
/* End PBXFrameworksBuildPhase section */

/* Begin PBXGroup section */
		DA00B2191C608EA300FADAAF = {
			isa = PBXGroup;
			children = (
				DA00B2241C608EA300FADAAF /* SDZoomHeader */,
				DA00B2231C608EA300FADAAF /* Products */,
			);
			sourceTree = "<group>";
		};
		DA00B2231C608EA300FADAAF /* Products */ = {
			isa = PBXGroup;
			children = (
				DA00B2221C608EA300FADAAF /* SDZoomHeader.app */,
			);
			name = Products;
			sourceTree = "<group>";
		};
		DA00B2241C608EA300FADAAF /* SDZoomHeader */ = {
			isa = PBXGroup;
			children = (
				DA00B2561C61A68700FADAAF /* girl.jpg */,
				DA00B2281C608EA400FADAAF /* AppDelegate.h */,
				DA00B2291C608EA400FADAAF /* AppDelegate.m */,
				DA00B2411C60B96900FADAAF /* SecondViewController.h */,
				DA00B2421C60B96900FADAAF /* SecondViewController.m */,
				DA00B22B1C608EA400FADAAF /* ViewController.h */,
				DA00B22C1C608EA400FADAAF /* ViewController.m */,
				DA00B22E1C608EA400FADAAF /* Main.storyboard */,
				DA00B2311C608EA400FADAAF /* Assets.xcassets */,
				DA00B2331C608EA400FADAAF /* LaunchScreen.storyboard */,
				DA00B2361C608EA400FADAAF /* Info.plist */,
				DA00B2251C608EA400FADAAF /* Supporting Files */,
				DA00B24D1C619B0B00FADAAF /* UINavigationController+extention.h */,
				DA00B24E1C619B0B00FADAAF /* UINavigationController+extention.m */,
				DA00B23C1C6092D500FADAAF /* SDZoomHeaderView.h */,
				DA00B23D1C6092D500FADAAF /* SDZoomHeaderView.m */,
				DA00B2551C61A4F800FADAAF /* GlobalDefine.h */,
			);
			path = SDZoomHeader;
			sourceTree = "<group>";
		};
		DA00B2251C608EA400FADAAF /* Supporting Files */ = {
			isa = PBXGroup;
			children = (
				DA00B2261C608EA400FADAAF /* main.m */,
			);
			name = "Supporting Files";
			sourceTree = "<group>";
		};
/* End PBXGroup section */

/* Begin PBXNativeTarget section */
		DA00B2211C608EA300FADAAF /* SDZoomHeader */ = {
			isa = PBXNativeTarget;
			buildConfigurationList = DA00B2391C608EA400FADAAF /* Build configuration list for PBXNativeTarget "SDZoomHeader" */;
			buildPhases = (
				DA00B21E1C608EA300FADAAF /* Sources */,
				DA00B21F1C608EA300FADAAF /* Frameworks */,
				DA00B2201C608EA300FADAAF /* Resources */,
			);
			buildRules = (
			);
			dependencies = (
			);
			name = SDZoomHeader;
			productName = SDZoomHeader;
			productReference = DA00B2221C608EA300FADAAF /* SDZoomHeader.app */;
			productType = "com.apple.product-type.application";
		};
/* End PBXNativeTarget section */

/* Begin PBXProject section */
		DA00B21A1C608EA300FADAAF /* Project object */ = {
			isa = PBXProject;
			attributes = {
				LastUpgradeCheck = 0720;
				ORGANIZATIONNAME = myCompany;
				TargetAttributes = {
					DA00B2211C608EA300FADAAF = {
						CreatedOnToolsVersion = 7.2;
						DevelopmentTeam = S7XQGGJLKK;
					};
				};
			};
			buildConfigurationList = DA00B21D1C608EA300FADAAF /* Build configuration list for PBXProject "SDZoomHeader" */;
			compatibilityVersion = "Xcode 3.2";
			developmentRegion = English;
			hasScannedForEncodings = 0;
			knownRegions = (
				en,
				Base,
			);
			mainGroup = DA00B2191C608EA300FADAAF;
			productRefGroup = DA00B2231C608EA300FADAAF /* Products */;
			projectDirPath = "";
			projectRoot = "";
			targets = (
				DA00B2211C608EA300FADAAF /* SDZoomHeader */,
			);
		};
/* End PBXProject section */

/* Begin PBXResourcesBuildPhase section */
		DA00B2201C608EA300FADAAF /* Resources */ = {
			isa = PBXResourcesBuildPhase;
			buildActionMask = 2147483647;
			files = (
				DA00B2351C608EA400FADAAF /* LaunchScreen.storyboard in Resources */,
				DA00B2571C61A68700FADAAF /* girl.jpg in Resources */,
				DA00B2321C608EA400FADAAF /* Assets.xcassets in Resources */,
				DA00B2301C608EA400FADAAF /* Main.storyboard in Resources */,
			);
			runOnlyForDeploymentPostprocessing = 0;
		};
/* End PBXResourcesBuildPhase section */

/* Begin PBXSourcesBuildPhase section */
		DA00B21E1C608EA300FADAAF /* Sources */ = {
			isa = PBXSourcesBuildPhase;
			buildActionMask = 2147483647;
			files = (
				DA00B2431C60B96900FADAAF /* SecondViewController.m in Sources */,
				DA00B22D1C608EA400FADAAF /* ViewController.m in Sources */,
				DA00B23E1C6092D500FADAAF /* SDZoomHeaderView.m in Sources */,
				DA00B22A1C608EA400FADAAF /* AppDelegate.m in Sources */,
				DA00B2271C608EA400FADAAF /* main.m in Sources */,
				DA00B24F1C619B0B00FADAAF /* UINavigationController+extention.m in Sources */,
			);
			runOnlyForDeploymentPostprocessing = 0;
		};
/* End PBXSourcesBuildPhase section */

/* Begin PBXVariantGroup section */
		DA00B22E1C608EA400FADAAF /* Main.storyboard */ = {
			isa = PBXVariantGroup;
			children = (
				DA00B22F1C608EA400FADAAF /* Base */,
			);
			name = Main.storyboard;
			sourceTree = "<group>";
		};
		DA00B2331C608EA400FADAAF /* LaunchScreen.storyboard */ = {
			isa = PBXVariantGroup;
			children = (
				DA00B2341C608EA400FADAAF /* Base */,
			);
			name = LaunchScreen.storyboard;
			sourceTree = "<group>";
		};
/* End PBXVariantGroup section */

/* Begin XCBuildConfiguration section */
		DA00B2371C608EA400FADAAF /* Debug */ = {
			isa = XCBuildConfiguration;
			buildSettings = {
				ALWAYS_SEARCH_USER_PATHS = NO;
				CLANG_CXX_LANGUAGE_STANDARD = "gnu++0x";
				CLANG_CXX_LIBRARY = "libc++";
				CLANG_ENABLE_MODULES = YES;
				CLANG_ENABLE_OBJC_ARC = YES;
				CLANG_WARN_BOOL_CONVERSION = YES;
				CLANG_WARN_CONSTANT_CONVERSION = YES;
				CLANG_WARN_DIRECT_OBJC_ISA_USAGE = YES_ERROR;
				CLANG_WARN_EMPTY_BODY = YES;
				CLANG_WARN_ENUM_CONVERSION = YES;
				CLANG_WARN_INT_CONVERSION = YES;
				CLANG_WARN_OBJC_ROOT_CLASS = YES_ERROR;
				CLANG_WARN_UNREACHABLE_CODE = YES;
				CLANG_WARN__DUPLICATE_METHOD_MATCH = YES;
				"CODE_SIGN_IDENTITY[sdk=iphoneos*]" = "iPhone Developer";
				COPY_PHASE_STRIP = NO;
				DEBUG_INFORMATION_FORMAT = dwarf;
				ENABLE_STRICT_OBJC_MSGSEND = YES;
				ENABLE_TESTABILITY = YES;
				GCC_C_LANGUAGE_STANDARD = gnu99;
				GCC_DYNAMIC_NO_PIC = NO;
				GCC_NO_COMMON_BLOCKS = YES;
				GCC_OPTIMIZATION_LEVEL = 0;
				GCC_PREPROCESSOR_DEFINITIONS = (
					"DEBUG=1",
					"$(inherited)",
				);
				GCC_WARN_64_TO_32_BIT_CONVERSION = YES;
				GCC_WARN_ABOUT_RETURN_TYPE = YES_ERROR;
				GCC_WARN_UNDECLARED_SELECTOR = YES;
				GCC_WARN_UNINITIALIZED_AUTOS = YES_AGGRESSIVE;
				GCC_WARN_UNUSED_FUNCTION = YES;
				GCC_WARN_UNUSED_VARIABLE = YES;
				IPHONEOS_DEPLOYMENT_TARGET = 9.2;
				MTL_ENABLE_DEBUG_INFO = YES;
				ONLY_ACTIVE_ARCH = YES;
				SDKROOT = iphoneos;
			};
			name = Debug;
		};
		DA00B2381C608EA400FADAAF /* Release */ = {
			isa = XCBuildConfiguration;
			buildSettings = {
				ALWAYS_SEARCH_USER_PATHS = NO;
				CLANG_CXX_LANGUAGE_STANDARD = "gnu++0x";
				CLANG_CXX_LIBRARY = "libc++";
				CLANG_ENABLE_MODULES = YES;
				CLANG_ENABLE_OBJC_ARC = YES;
				CLANG_WARN_BOOL_CONVERSION = YES;
				CLANG_WARN_CONSTANT_CONVERSION = YES;
				CLANG_WARN_DIRECT_OBJC_ISA_USAGE = YES_ERROR;
				CLANG_WARN_EMPTY_BODY = YES;
				CLANG_WARN_ENUM_CONVERSION = YES;
				CLANG_WARN_INT_CONVERSION = YES;
				CLANG_WARN_OBJC_ROOT_CLASS = YES_ERROR;
				CLANG_WARN_UNREACHABLE_CODE = YES;
				CLANG_WARN__DUPLICATE_METHOD_MATCH = YES;
				"CODE_SIGN_IDENTITY[sdk=iphoneos*]" = "iPhone Developer";
				COPY_PHASE_STRIP = NO;
				DEBUG_INFORMATION_FORMAT = "dwarf-with-dsym";
				ENABLE_NS_ASSERTIONS = NO;
				ENABLE_STRICT_OBJC_MSGSEND = YES;
				GCC_C_LANGUAGE_STANDARD = gnu99;
				GCC_NO_COMMON_BLOCKS = YES;
				GCC_WARN_64_TO_32_BIT_CONVERSION = YES;
				GCC_WARN_ABOUT_RETURN_TYPE = YES_ERROR;
				GCC_WARN_UNDECLARED_SELECTOR = YES;
				GCC_WARN_UNINITIALIZED_AUTOS = YES_AGGRESSIVE;
				GCC_WARN_UNUSED_FUNCTION = YES;
				GCC_WARN_UNUSED_VARIABLE = YES;
				IPHONEOS_DEPLOYMENT_TARGET = 9.2;
				MTL_ENABLE_DEBUG_INFO = NO;
				SDKROOT = iphoneos;
				VALIDATE_PRODUCT = YES;
			};
			name = Release;
		};
		DA00B23A1C608EA400FADAAF /* Debug */ = {
			isa = XCBuildConfiguration;
			buildSettings = {
				ASSETCATALOG_COMPILER_APPICON_NAME = AppIcon;
				CODE_SIGN_IDENTITY = "iPhone Developer";
				"CODE_SIGN_IDENTITY[sdk=iphoneos*]" = "iPhone Developer";
				GCC_PREFIX_HEADER = ./SDZoomHeader/GlobalDefine.h;
				INFOPLIST_FILE = SDZoomHeader/Info.plist;
				LD_RUNPATH_SEARCH_PATHS = "$(inherited) @executable_path/Frameworks";
				PRODUCT_BUNDLE_IDENTIFIER = com.songdh.SDZoomHeader;
				PRODUCT_NAME = "$(TARGET_NAME)";
				PROVISIONING_PROFILE = "";
			};
			name = Debug;
		};
		DA00B23B1C608EA400FADAAF /* Release */ = {
			isa = XCBuildConfiguration;
			buildSettings = {
				ASSETCATALOG_COMPILER_APPICON_NAME = AppIcon;
				CODE_SIGN_IDENTITY = "iPhone Developer";
				"CODE_SIGN_IDENTITY[sdk=iphoneos*]" = "iPhone Developer";
				GCC_PREFIX_HEADER = ./SDZoomHeader/GlobalDefine.h;
				INFOPLIST_FILE = SDZoomHeader/Info.plist;
				LD_RUNPATH_SEARCH_PATHS = "$(inherited) @executable_path/Frameworks";
				PRODUCT_BUNDLE_IDENTIFIER = com.songdh.SDZoomHeader;
				PRODUCT_NAME = "$(TARGET_NAME)";
				PROVISIONING_PROFILE = "";
			};
			name = Release;
		};
/* End XCBuildConfiguration section */

/* Begin XCConfigurationList section */
		DA00B21D1C608EA300FADAAF /* Build configuration list for PBXProject "SDZoomHeader" */ = {
			isa = XCConfigurationList;
			buildConfigurations = (
				DA00B2371C608EA400FADAAF /* Debug */,
				DA00B2381C608EA400FADAAF /* Release */,
			);
			defaultConfigurationIsVisible = 0;
			defaultConfigurationName = Release;
		};
		DA00B2391C608EA400FADAAF /* Build configuration list for PBXNativeTarget "SDZoomHeader" */ = {
			isa = XCConfigurationList;
			buildConfigurations = (
				DA00B23A1C608EA400FADAAF /* Debug */,
				DA00B23B1C608EA400FADAAF /* Release */,
			);
			defaultConfigurationIsVisible = 0;
		};
/* End XCConfigurationList section */
	};
	rootObject = DA00B21A1C608EA300FADAAF /* Project object */;
}
